<?xml version="1.0" encoding="utf-8"?>
<Project ToolsVersion="4.0" xmlns="http://schemas.microsoft.com/developer/msbuild/2003">
  <ItemGroup>
    <Filter Include="Source Files">
      <UniqueIdentifier>{4FC737F1-C7A5-4376-A066-2A32D752A2FF}</UniqueIdentifier>
      <Extensions>cpp;c;cc;cxx;def;odl;idl;hpj;bat;asm;asmx</Extensions>
    </Filter>
    <Filter Include="Header Files">
      <UniqueIdentifier>{93995380-89BD-4b04-88EB-625FBE52EBFB}</UniqueIdentifier>
      <Extensions>h;hh;hpp;hxx;hm;inl;inc;ipp;xsd</Extensions>
    </Filter>
    <Filter Include="Source Files\asset">
      <UniqueIdentifier>{c76814d1-250b-466c-ac54-4fc91a6b8fea}</UniqueIdentifier>
    </Filter>
    <Filter Include="Header Files\asset">
      <UniqueIdentifier>{773aea3b-bbce-4f9e-af18-a27564a01794}</UniqueIdentifier>
    </Filter>
    <Filter Include="Source Files\mesh">
      <UniqueIdentifier>{790de3c0-77fb-482e-942f-7d117468bc44}</UniqueIdentifier>
    </Filter>
    <Filter Include="Header Files\mesh">
      <UniqueIdentifier>{ed8d26c5-f543-49f8-bbc0-6f311abc7918}</UniqueIdentifier>
    </Filter>
    <Filter Include="Header Files\render">
      <UniqueIdentifier>{546ed25d-d9c8-4141-bd6b-3a4a92bbba96}</UniqueIdentifier>
    </Filter>
    <Filter Include="Source Files\render">
      <UniqueIdentifier>{97802d7f-07c0-48e6-a977-03d872957e45}</UniqueIdentifier>
    </Filter>
    <Filter Include="Header Files\ecs">
      <UniqueIdentifier>{340340ef-8858-4773-aa1c-2de520e2f6cb}</UniqueIdentifier>
    </Filter>
    <Filter Include="Source Files\ecs">
      <UniqueIdentifier>{e26c8794-e5ef-4750-9af7-3a50a830dfed}</UniqueIdentifier>
    </Filter>
    <Filter Include="Header Files\ecs\components">
      <UniqueIdentifier>{15a96a46-6b32-4492-aa50-9849001514cd}</UniqueIdentifier>
    </Filter>
    <Filter Include="Source Files\ecs\components">
      <UniqueIdentifier>{550c434f-2416-4cc1-9d77-adc75c5c6bb2}</UniqueIdentifier>
    </Filter>
    <Filter Include="Source Files\core">
      <UniqueIdentifier>{5492a89f-ee0a-4a8a-b6de-d092225a7ce6}</UniqueIdentifier>
    </Filter>
    <Filter Include="Header Files\core">
      <UniqueIdentifier>{0ac7661e-5bf1-4f35-be25-df21b7c2070b}</UniqueIdentifier>
    </Filter>
    <Filter Include="Header Files\editor">
      <UniqueIdentifier>{fb7c797b-bc5e-46ba-ae64-1cf13c248df5}</UniqueIdentifier>
    </Filter>
    <Filter Include="Source Files\editor">
      <UniqueIdentifier>{35f02f0e-5576-44b9-b670-2ef98015a856}</UniqueIdentifier>
    </Filter>
    <Filter Include="Source Files\external">
      <UniqueIdentifier>{f2134276-aa72-48d0-ae51-2421213d10d6}</UniqueIdentifier>
    </Filter>
    <Filter Include="Source Files\external\imgui">
      <UniqueIdentifier>{43a0f08d-a3fa-4027-a902-7f37bec5c859}</UniqueIdentifier>
    </Filter>
    <Filter Include="Header Files\extenal">
      <UniqueIdentifier>{e10c7800-dcfa-4f1c-830e-e73434bf460a}</UniqueIdentifier>
    </Filter>
    <Filter Include="Header Files\extenal\imgui">
      <UniqueIdentifier>{8442b0f3-b2b1-41b6-b9fd-90fd70635bc3}</UniqueIdentifier>
    </Filter>
  </ItemGroup>
  <ItemGroup>
    <ClCompile Include="source\core.cpp">
      <Filter>Source Files</Filter>
    </ClCompile>
    <ClCompile Include="source\asset\Asset.cpp">
      <Filter>Source Files\asset</Filter>
    </ClCompile>
    <ClCompile Include="source\mesh\Mesh.cpp">
      <Filter>Source Files\mesh</Filter>
    </ClCompile>
    <ClCompile Include="source\asset\AssetManager.cpp">
      <Filter>Source Files\asset</Filter>
    </ClCompile>
    <ClCompile Include="source\render\Shader.cpp">
      <Filter>Source Files\render</Filter>
    </ClCompile>
    <ClCompile Include="source\render\Renderer.cpp">
      <Filter>Source Files\render</Filter>
    </ClCompile>
    <ClCompile Include="source\ecs\components\MeshRenderer.cpp">
      <Filter>Source Files\ecs\components</Filter>
    </ClCompile>
    <ClCompile Include="source\render\SimpleRenderer.cpp">
      <Filter>Source Files\render</Filter>
    </ClCompile>
    <ClCompile Include="source\core\CrimsonCore.cpp">
      <Filter>Source Files\core</Filter>
    </ClCompile>
    <ClCompile Include="source\ecs\components\Camera.cpp">
      <Filter>Source Files\ecs\components</Filter>
    </ClCompile>
    <ClCompile Include="source\render\MatrixMaths.cpp">
      <Filter>Source Files\render</Filter>
    </ClCompile>
    <ClCompile Include="source\core\Time.cpp">
      <Filter>Source Files\core</Filter>
    </ClCompile>
    <ClCompile Include="source\ecs\components\Rotator.cpp">
      <Filter>Source Files\ecs\components</Filter>
    </ClCompile>
    <ClCompile Include="source\render\Texture.cpp">
      <Filter>Source Files\render</Filter>
    </ClCompile>
    <ClCompile Include="source\render\Material.cpp">
      <Filter>Source Files\render</Filter>
    </ClCompile>
    <ClCompile Include="source\editor\Editor.cpp">
      <Filter>Source Files\editor</Filter>
    </ClCompile>
    <ClCompile Include="source\external\imgui\imgui.cpp">
      <Filter>Source Files\external\imgui</Filter>
    </ClCompile>
    <ClCompile Include="source\external\imgui\imgui_draw.cpp">
      <Filter>Source Files\external\imgui</Filter>
    </ClCompile>
    <ClCompile Include="source\external\imgui\imgui_impl_glfw.cpp">
      <Filter>Source Files\external\imgui</Filter>
    </ClCompile>
    <ClCompile Include="source\external\imgui\imgui_impl_opengl3.cpp">
      <Filter>Source Files\external\imgui</Filter>
    </ClCompile>
    <ClCompile Include="source\external\imgui\imgui_widgets.cpp">
      <Filter>Source Files\external\imgui</Filter>
    </ClCompile>
    <ClCompile Include="source\render\FrameBuffer.cpp">
      <Filter>Source Files\render</Filter>
    </ClCompile>
  </ItemGroup>
  <ItemGroup>
    <ClInclude Include="source\core.h">
      <Filter>Header Files</Filter>
    </ClInclude>
    <ClInclude Include="source\asset\Asset.h">
      <Filter>Header Files\asset</Filter>
    </ClInclude>
    <ClInclude Include="source\asset\AssetManager.h">
      <Filter>Header Files\asset</Filter>
    </ClInclude>
    <ClInclude Include="source\mesh\Mesh.h">
      <Filter>Header Files\mesh</Filter>
    </ClInclude>
    <ClInclude Include="source\mesh\Vertex.h">
      <Filter>Header Files\mesh</Filter>
    </ClInclude>
    <ClInclude Include="source\render\Shader.h">
      <Filter>Header Files\render</Filter>
    </ClInclude>
    <ClInclude Include="source\ecs\ECS.h">
      <Filter>Header Files\ecs</Filter>
    </ClInclude>
    <ClInclude Include="source\render\Renderer.h">
      <Filter>Header Files\render</Filter>
    </ClInclude>
    <ClInclude Include="source\ecs\components\MeshRenderer.h">
      <Filter>Header Files\ecs\components</Filter>
    </ClInclude>
    <ClInclude Include="source\render\SimpleRenderer.h">
      <Filter>Header Files\render</Filter>
    </ClInclude>
    <ClInclude Include="source\ecs\Components.h">
      <Filter>Header Files\ecs</Filter>
    </ClInclude>
    <ClInclude Include="source\core\CrimsonCore.h">
      <Filter>Header Files\core</Filter>
    </ClInclude>
    <ClInclude Include="source\ecs\components\Camera.h">
      <Filter>Header Files\ecs\components</Filter>
    </ClInclude>
    <ClInclude Include="source\render\MatrixMaths.h">
      <Filter>Header Files\render</Filter>
    </ClInclude>
    <ClInclude Include="source\ecs\Transform.h">
      <Filter>Header Files\ecs</Filter>
    </ClInclude>
    <ClInclude Include="source\render\CameraSettings.h">
      <Filter>Header Files\render</Filter>
    </ClInclude>
    <ClInclude Include="source\core\Time.h">
      <Filter>Header Files\core</Filter>
    </ClInclude>
    <ClInclude Include="source\ecs\components\Rotator.h">
      <Filter>Header Files\ecs\components</Filter>
    </ClInclude>
    <ClInclude Include="source\render\Material.h">
      <Filter>Header Files\render</Filter>
    </ClInclude>
    <ClInclude Include="source\render\Texture.h">
      <Filter>Header Files\render</Filter>
    </ClInclude>
    <ClInclude Include="source\editor\Editor.h">
      <Filter>Header Files\editor</Filter>
    </ClInclude>
    <ClInclude Include="resource.h">
      <Filter>Header Files</Filter>
    </ClInclude>
    <ClInclude Include="source\external\imgui\imstb_truetype.h">
      <Filter>Header Files\extenal\imgui</Filter>
    </ClInclude>
    <ClInclude Include="source\external\imgui\imconfig.h">
      <Filter>Header Files\extenal\imgui</Filter>
    </ClInclude>
    <ClInclude Include="source\external\imgui\imgui.h">
      <Filter>Header Files\extenal\imgui</Filter>
    </ClInclude>
    <ClInclude Include="source\external\imgui\imgui_impl_glfw.h">
      <Filter>Header Files\extenal\imgui</Filter>
    </ClInclude>
    <ClInclude Include="source\external\imgui\imgui_impl_opengl3.h">
      <Filter>Header Files\extenal\imgui</Filter>
    </ClInclude>
    <ClInclude Include="source\external\imgui\imgui_internal.h">
      <Filter>Header Files\extenal\imgui</Filter>
    </ClInclude>
    <ClInclude Include="source\external\imgui\imstb_rectpack.h">
      <Filter>Header Files\extenal\imgui</Filter>
    </ClInclude>
    <ClInclude Include="source\external\imgui\imstb_textedit.h">
      <Filter>Header Files\extenal\imgui</Filter>
    </ClInclude>
    <ClInclude Include="source\render\FrameBuffer.h">
      <Filter>Header Files\render</Filter>
    </ClInclude>
  </ItemGroup>
</Project>